
Microsoft Visual Studio Solution File, Format Version 12.00
# Visual Studio 15
VisualStudioVersion = 15.0.27703.2035
MinimumVisualStudioVersion = 10.0.40219.1
Project("{9A19103F-16F7-4668-BE54-9A1E7A4F7556}") = "ShipBob.Web", "ShipBob.Web\ShipBob.Web.csproj", "{143F7D48-6E87-4D68-B9A7-6A3C7E70DAD6}"
EndProject
Project("{FAE04EC0-301F-11D3-BF4B-00C04F79EFBC}") = "ShipBob.Data", "ShipBob.Data\ShipBob.Data.csproj", "{CFF02C61-0199-467E-B4B8-CD633A6F0F24}"
EndProject
Project("{FAE04EC0-301F-11D3-BF4B-00C04F79EFBC}") = "ShipBob.Tests", "ShipBob.Tests\ShipBob.Tests.csproj", "{D9E4C719-9D70-4FBA-A135-0B80C4FB6AD8}"
EndProject
Global
	GlobalSection(SolutionConfigurationPlatforms) = preSolution
		Debug|Any CPU = Debug|Any CPU
		Release|Any CPU = Release|Any CPU
	EndGlobalSection
	GlobalSection(ProjectConfigurationPlatforms) = postSolution
		{143F7D48-6E87-4D68-B9A7-6A3C7E70DAD6}.Debug|Any CPU.ActiveCfg = Debug|Any CPU
		{143F7D48-6E87-4D68-B9A7-6A3C7E70DAD6}.Debug|Any CPU.Build.0 = Debug|Any CPU
		{143F7D48-6E87-4D68-B9A7-6A3C7E70DAD6}.Release|Any CPU.ActiveCfg = Release|Any CPU
		{143F7D48-6E87-4D68-B9A7-6A3C7E70DAD6}.Release|Any CPU.Build.0 = Release|Any CPU
		{CFF02C61-0199-467E-B4B8-CD633A6F0F24}.Debug|Any CPU.ActiveCfg = Debug|Any CPU
		{CFF02C61-0199-467E-B4B8-CD633A6F0F24}.Debug|Any CPU.Build.0 = Debug|Any CPU
		{CFF02C61-0199-467E-B4B8-CD633A6F0F24}.Release|Any CPU.ActiveCfg = Release|Any CPU
		{CFF02C61-0199-467E-B4B8-CD633A6F0F24}.Release|Any CPU.Build.0 = Release|Any CPU
		{D9E4C719-9D70-4FBA-A135-0B80C4FB6AD8}.Debug|Any CPU.ActiveCfg = Debug|Any CPU
		{D9E4C719-9D70-4FBA-A135-0B80C4FB6AD8}.Debug|Any CPU.Build.0 = Debug|Any CPU
		{D9E4C719-9D70-4FBA-A135-0B80C4FB6AD8}.Release|Any CPU.ActiveCfg = Release|Any CPU
		{D9E4C719-9D70-4FBA-A135-0B80C4FB6AD8}.Release|Any CPU.Build.0 = Release|Any CPU
	EndGlobalSection
	GlobalSection(SolutionProperties) = preSolution
		HideSolutionNode = FALSE
	EndGlobalSection
	GlobalSection(ExtensibilityGlobals) = postSolution
		SolutionGuid = {8F4DFCC7-51D6-40ED-B039-FC80BCD13D89}
	EndGlobalSection
EndGlobal
